
Microsoft Visual Studio Solution File, Format Version 12.00
# Visual Studio Version 16
VisualStudioVersion = 16.0.30204.135
MinimumVisualStudioVersion = 10.0.40219.1
Project("{FAE04EC0-301F-11D3-BF4B-00C04F79EFBC}") = "Garage", "Garage.csproj", "{1AE5844C-6B57-4604-B49C-AB8300B06F85}"
EndProject
Global
	GlobalSection(SolutionConfigurationPlatforms) = preSolution
		Debug|Any CPU = Debug|Any CPU
		Release|Any CPU = Release|Any CPU
	EndGlobalSection
	GlobalSection(ProjectConfigurationPlatforms) = postSolution
		{1AE5844C-6B57-4604-B49C-AB8300B06F85}.Debug|Any CPU.ActiveCfg = Debug|Any CPU
		{1AE5844C-6B57-4604-B49C-AB8300B06F85}.Debug|Any CPU.Build.0 = Debug|Any CPU
		{1AE5844C-6B57-4604-B49C-AB8300B06F85}.Release|Any CPU.ActiveCfg = Release|Any CPU
		{1AE5844C-6B57-4604-B49C-AB8300B06F85}.Release|Any CPU.Build.0 = Release|Any CPU
	EndGlobalSection
	GlobalSection(SolutionProperties) = preSolution
		HideSolutionNode = FALSE
	EndGlobalSection
	GlobalSection(ExtensibilityGlobals) = postSolution
		SolutionGuid = {ECE07128-33C1-4861-9AA2-2B21F2D5E6C4}
	EndGlobalSection
EndGlobal
